
Microsoft Visual Studio Solution File, Format Version 12.00
# Visual Studio 15
VisualStudioVersion = 15.0.27703.2000
MinimumVisualStudioVersion = 10.0.40219.1
Project("{D954291E-2A0B-460D-934E-DC6B0785DB48}") = "ShootTheTraps", "ShootTheTraps\ShootTheTraps.shproj", "{A0CDBD0E-3A41-42B7-9425-A838BC2C7383}"
EndProject
Project("{2150E333-8FDC-42A3-9474-1A3956D46DE8}") = "AgateLib", "AgateLib", "{795D4E3D-D0E7-4421-9BD6-16947AD1787D}"
EndProject
Project("{D954291E-2A0B-460D-934E-DC6B0785DB48}") = "AgateLib", "AgateLib\AgateLib\AgateLib.shproj", "{BE7C38F8-7A5B-4CBD-B57B-2CD54558062B}"
EndProject
Project("{FAE04EC0-301F-11D3-BF4B-00C04F79EFBC}") = "AgateLib.FunctionalTests", "AgateLib\AgateLib.FunctionalTests\AgateLib.FunctionalTests.csproj", "{7B509CAC-0FC2-4AAE-83E2-7F37C282A3A0}"
EndProject
Project("{FAE04EC0-301F-11D3-BF4B-00C04F79EFBC}") = "AgateLib.Tester", "AgateLib\AgateLib.Tester\AgateLib.Tester.csproj", "{509F01E0-517F-48C8-BC2B-FEFC78312DD4}"
EndProject
Project("{FAE04EC0-301F-11D3-BF4B-00C04F79EFBC}") = "AgateLib.UnitTests", "AgateLib\AgateLib.UnitTests\AgateLib.UnitTests.csproj", "{5F203662-6438-4CD9-BE4B-D111F1DFB925}"
EndProject
Project("{FAE04EC0-301F-11D3-BF4B-00C04F79EFBC}") = "ShootTheTraps.Desktop", "ShootTheTraps.Desktop\ShootTheTraps.Desktop.csproj", "{64AFD0A6-1C2E-4C1E-802F-696542F48280}"
EndProject
Project("{2150E333-8FDC-42A3-9474-1A3956D46DE8}") = "Platforms", "Platforms", "{9986891D-6F99-442E-A804-7204CDA54757}"
EndProject
Project("{D954291E-2A0B-460D-934E-DC6B0785DB48}") = "AgateLib.Physics", "AgateLib\AgateLib.Physics\AgateLib.Physics.shproj", "{062658FA-CA79-41C2-B4A5-AD9B2A88BEBA}"
EndProject
Project("{2150E333-8FDC-42A3-9474-1A3956D46DE8}") = "Solution Items", "Solution Items", "{D2F932D9-C0EF-475B-802B-A823132BCB91}"
	ProjectSection(SolutionItems) = preProject
		Build.bat = Build.bat
		Build.ps1 = Build.ps1
		Coverage.bat = Coverage.bat
		IntegrationTest.bat = IntegrationTest.bat
		Package-Build.ps1 = Package-Build.ps1
		Package-Wrap.ps1 = Package-Wrap.ps1
		package-wrap.sh = package-wrap.sh
		publish.sh = publish.sh
		UnitTest.bat = UnitTest.bat
	EndProjectSection
EndProject
Project("{FAE04EC0-301F-11D3-BF4B-00C04F79EFBC}") = "UnitTests", "UnitTests\UnitTests.csproj", "{63626E57-06A2-4771-9BF4-DDBE0E9FA99D}"
EndProject
Global
	GlobalSection(SharedMSBuildProjectFiles) = preSolution
		AgateLib\AgateLib.Physics\AgateLib.Physics.projitems*{062658fa-ca79-41c2-b4a5-ad9b2a88beba}*SharedItemsImports = 13
		AgateLib\AgateLib.Physics\AgateLib.Physics.projitems*{509f01e0-517f-48c8-bc2b-fefc78312dd4}*SharedItemsImports = 4
		AgateLib\AgateLib\AgateLib.projitems*{509f01e0-517f-48c8-bc2b-fefc78312dd4}*SharedItemsImports = 4
		AgateLib\AgateLib\AgateLib.projitems*{64afd0a6-1c2e-4c1e-802f-696542f48280}*SharedItemsImports = 4
		ShootTheTraps\ShootTheTraps.projitems*{64afd0a6-1c2e-4c1e-802f-696542f48280}*SharedItemsImports = 4
		ShootTheTraps\ShootTheTraps.projitems*{a0cdbd0e-3a41-42b7-9425-a838bc2c7383}*SharedItemsImports = 13
		AgateLib\AgateLib\AgateLib.projitems*{be7c38f8-7a5b-4cbd-b57b-2cd54558062b}*SharedItemsImports = 13
	EndGlobalSection
	GlobalSection(SolutionConfigurationPlatforms) = preSolution
		Debug|Any CPU = Debug|Any CPU
		Debug|x64 = Debug|x64
		Debug|x86 = Debug|x86
		Info|Any CPU = Info|Any CPU
		Info|x64 = Info|x64
		Info|x86 = Info|x86
		Performance|Any CPU = Performance|Any CPU
		Performance|x64 = Performance|x64
		Performance|x86 = Performance|x86
		Release|Any CPU = Release|Any CPU
		Release|x64 = Release|x64
		Release|x86 = Release|x86
	EndGlobalSection
	GlobalSection(ProjectConfigurationPlatforms) = postSolution
		{7B509CAC-0FC2-4AAE-83E2-7F37C282A3A0}.Debug|Any CPU.ActiveCfg = Debug|Any CPU
		{7B509CAC-0FC2-4AAE-83E2-7F37C282A3A0}.Debug|Any CPU.Build.0 = Debug|Any CPU
		{7B509CAC-0FC2-4AAE-83E2-7F37C282A3A0}.Debug|x64.ActiveCfg = Debug|x64
		{7B509CAC-0FC2-4AAE-83E2-7F37C282A3A0}.Debug|x64.Build.0 = Debug|x64
		{7B509CAC-0FC2-4AAE-83E2-7F37C282A3A0}.Debug|x86.ActiveCfg = Debug|x86
		{7B509CAC-0FC2-4AAE-83E2-7F37C282A3A0}.Debug|x86.Build.0 = Debug|x86
		{7B509CAC-0FC2-4AAE-83E2-7F37C282A3A0}.Info|Any CPU.ActiveCfg = Info|Any CPU
		{7B509CAC-0FC2-4AAE-83E2-7F37C282A3A0}.Info|Any CPU.Build.0 = Info|Any CPU
		{7B509CAC-0FC2-4AAE-83E2-7F37C282A3A0}.Info|x64.ActiveCfg = Info|x64
		{7B509CAC-0FC2-4AAE-83E2-7F37C282A3A0}.Info|x64.Build.0 = Info|x64
		{7B509CAC-0FC2-4AAE-83E2-7F37C282A3A0}.Info|x86.ActiveCfg = Info|x86
		{7B509CAC-0FC2-4AAE-83E2-7F37C282A3A0}.Info|x86.Build.0 = Info|x86
		{7B509CAC-0FC2-4AAE-83E2-7F37C282A3A0}.Performance|Any CPU.ActiveCfg = Performance|Any CPU
		{7B509CAC-0FC2-4AAE-83E2-7F37C282A3A0}.Performance|Any CPU.Build.0 = Performance|Any CPU
		{7B509CAC-0FC2-4AAE-83E2-7F37C282A3A0}.Performance|x64.ActiveCfg = Performance|x64
		{7B509CAC-0FC2-4AAE-83E2-7F37C282A3A0}.Performance|x64.Build.0 = Performance|x64
		{7B509CAC-0FC2-4AAE-83E2-7F37C282A3A0}.Performance|x86.ActiveCfg = Performance|x86
		{7B509CAC-0FC2-4AAE-83E2-7F37C282A3A0}.Performance|x86.Build.0 = Performance|x86
		{7B509CAC-0FC2-4AAE-83E2-7F37C282A3A0}.Release|Any CPU.ActiveCfg = Release|Any CPU
		{7B509CAC-0FC2-4AAE-83E2-7F37C282A3A0}.Release|Any CPU.Build.0 = Release|Any CPU
		{7B509CAC-0FC2-4AAE-83E2-7F37C282A3A0}.Release|x64.ActiveCfg = Release|x64
		{7B509CAC-0FC2-4AAE-83E2-7F37C282A3A0}.Release|x64.Build.0 = Release|x64
		{7B509CAC-0FC2-4AAE-83E2-7F37C282A3A0}.Release|x86.ActiveCfg = Release|x86
		{7B509CAC-0FC2-4AAE-83E2-7F37C282A3A0}.Release|x86.Build.0 = Release|x86
		{509F01E0-517F-48C8-BC2B-FEFC78312DD4}.Debug|Any CPU.ActiveCfg = Debug|Any CPU
		{509F01E0-517F-48C8-BC2B-FEFC78312DD4}.Debug|Any CPU.Build.0 = Debug|Any CPU
		{509F01E0-517F-48C8-BC2B-FEFC78312DD4}.Debug|x64.ActiveCfg = Debug|x64
		{509F01E0-517F-48C8-BC2B-FEFC78312DD4}.Debug|x64.Build.0 = Debug|x64
		{509F01E0-517F-48C8-BC2B-FEFC78312DD4}.Debug|x86.ActiveCfg = Debug|x86
		{509F01E0-517F-48C8-BC2B-FEFC78312DD4}.Debug|x86.Build.0 = Debug|x86
		{509F01E0-517F-48C8-BC2B-FEFC78312DD4}.Info|Any CPU.ActiveCfg = Info|Any CPU
		{509F01E0-517F-48C8-BC2B-FEFC78312DD4}.Info|Any CPU.Build.0 = Info|Any CPU
		{509F01E0-517F-48C8-BC2B-FEFC78312DD4}.Info|x64.ActiveCfg = Info|x64
		{509F01E0-517F-48C8-BC2B-FEFC78312DD4}.Info|x64.Build.0 = Info|x64
		{509F01E0-517F-48C8-BC2B-FEFC78312DD4}.Info|x86.ActiveCfg = Info|x86
		{509F01E0-517F-48C8-BC2B-FEFC78312DD4}.Info|x86.Build.0 = Info|x86
		{509F01E0-517F-48C8-BC2B-FEFC78312DD4}.Performance|Any CPU.ActiveCfg = Performance|Any CPU
		{509F01E0-517F-48C8-BC2B-FEFC78312DD4}.Performance|Any CPU.Build.0 = Performance|Any CPU
		{509F01E0-517F-48C8-BC2B-FEFC78312DD4}.Performance|x64.ActiveCfg = Performance|x64
		{509F01E0-517F-48C8-BC2B-FEFC78312DD4}.Performance|x64.Build.0 = Performance|x64
		{509F01E0-517F-48C8-BC2B-FEFC78312DD4}.Performance|x86.ActiveCfg = Performance|x86
		{509F01E0-517F-48C8-BC2B-FEFC78312DD4}.Performance|x86.Build.0 = Performance|x86
		{509F01E0-517F-48C8-BC2B-FEFC78312DD4}.Release|Any CPU.ActiveCfg = Release|Any CPU
		{509F01E0-517F-48C8-BC2B-FEFC78312DD4}.Release|Any CPU.Build.0 = Release|Any CPU
		{509F01E0-517F-48C8-BC2B-FEFC78312DD4}.Release|x64.ActiveCfg = Release|x64
		{509F01E0-517F-48C8-BC2B-FEFC78312DD4}.Release|x64.Build.0 = Release|x64
		{509F01E0-517F-48C8-BC2B-FEFC78312DD4}.Release|x86.ActiveCfg = Release|x86
		{509F01E0-517F-48C8-BC2B-FEFC78312DD4}.Release|x86.Build.0 = Release|x86
		{5F203662-6438-4CD9-BE4B-D111F1DFB925}.Debug|Any CPU.ActiveCfg = Debug|Any CPU
		{5F203662-6438-4CD9-BE4B-D111F1DFB925}.Debug|Any CPU.Build.0 = Debug|Any CPU
		{5F203662-6438-4CD9-BE4B-D111F1DFB925}.Debug|x64.ActiveCfg = Debug|x64
		{5F203662-6438-4CD9-BE4B-D111F1DFB925}.Debug|x64.Build.0 = Debug|x64
		{5F203662-6438-4CD9-BE4B-D111F1DFB925}.Debug|x86.ActiveCfg = Debug|x86
		{5F203662-6438-4CD9-BE4B-D111F1DFB925}.Debug|x86.Build.0 = Debug|x86
		{5F203662-6438-4CD9-BE4B-D111F1DFB925}.Info|Any CPU.ActiveCfg = Info|Any CPU
		{5F203662-6438-4CD9-BE4B-D111F1DFB925}.Info|Any CPU.Build.0 = Info|Any CPU
		{5F203662-6438-4CD9-BE4B-D111F1DFB925}.Info|x64.ActiveCfg = Info|x64
		{5F203662-6438-4CD9-BE4B-D111F1DFB925}.Info|x64.Build.0 = Info|x64
		{5F203662-6438-4CD9-BE4B-D111F1DFB925}.Info|x86.ActiveCfg = Info|x86
		{5F203662-6438-4CD9-BE4B-D111F1DFB925}.Info|x86.Build.0 = Info|x86
		{5F203662-6438-4CD9-BE4B-D111F1DFB925}.Performance|Any CPU.ActiveCfg = Performance|Any CPU
		{5F203662-6438-4CD9-BE4B-D111F1DFB925}.Performance|Any CPU.Build.0 = Performance|Any CPU
		{5F203662-6438-4CD9-BE4B-D111F1DFB925}.Performance|x64.ActiveCfg = Performance|x64
		{5F203662-6438-4CD9-BE4B-D111F1DFB925}.Performance|x64.Build.0 = Performance|x64
		{5F203662-6438-4CD9-BE4B-D111F1DFB925}.Performance|x86.ActiveCfg = Performance|x86
		{5F203662-6438-4CD9-BE4B-D111F1DFB925}.Performance|x86.Build.0 = Performance|x86
		{5F203662-6438-4CD9-BE4B-D111F1DFB925}.Release|Any CPU.ActiveCfg = Release|Any CPU
		{5F203662-6438-4CD9-BE4B-D111F1DFB925}.Release|Any CPU.Build.0 = Release|Any CPU
		{5F203662-6438-4CD9-BE4B-D111F1DFB925}.Release|x64.ActiveCfg = Release|x64
		{5F203662-6438-4CD9-BE4B-D111F1DFB925}.Release|x64.Build.0 = Release|x64
		{5F203662-6438-4CD9-BE4B-D111F1DFB925}.Release|x86.ActiveCfg = Release|x86
		{5F203662-6438-4CD9-BE4B-D111F1DFB925}.Release|x86.Build.0 = Release|x86
		{64AFD0A6-1C2E-4C1E-802F-696542F48280}.Debug|Any CPU.ActiveCfg = Debug|Any CPU
		{64AFD0A6-1C2E-4C1E-802F-696542F48280}.Debug|Any CPU.Build.0 = Debug|Any CPU
		{64AFD0A6-1C2E-4C1E-802F-696542F48280}.Debug|x64.ActiveCfg = Debug|Any CPU
		{64AFD0A6-1C2E-4C1E-802F-696542F48280}.Debug|x64.Build.0 = Debug|Any CPU
		{64AFD0A6-1C2E-4C1E-802F-696542F48280}.Debug|x86.ActiveCfg = Debug|Any CPU
		{64AFD0A6-1C2E-4C1E-802F-696542F48280}.Debug|x86.Build.0 = Debug|Any CPU
		{64AFD0A6-1C2E-4C1E-802F-696542F48280}.Info|Any CPU.ActiveCfg = Release|Any CPU
		{64AFD0A6-1C2E-4C1E-802F-696542F48280}.Info|Any CPU.Build.0 = Release|Any CPU
		{64AFD0A6-1C2E-4C1E-802F-696542F48280}.Info|x64.ActiveCfg = Release|Any CPU
		{64AFD0A6-1C2E-4C1E-802F-696542F48280}.Info|x64.Build.0 = Release|Any CPU
		{64AFD0A6-1C2E-4C1E-802F-696542F48280}.Info|x86.ActiveCfg = Release|Any CPU
		{64AFD0A6-1C2E-4C1E-802F-696542F48280}.Info|x86.Build.0 = Release|Any CPU
		{64AFD0A6-1C2E-4C1E-802F-696542F48280}.Performance|Any CPU.ActiveCfg = Release|Any CPU
		{64AFD0A6-1C2E-4C1E-802F-696542F48280}.Performance|Any CPU.Build.0 = Release|Any CPU
		{64AFD0A6-1C2E-4C1E-802F-696542F48280}.Performance|x64.ActiveCfg = Release|Any CPU
		{64AFD0A6-1C2E-4C1E-802F-696542F48280}.Performance|x64.Build.0 = Release|Any CPU
		{64AFD0A6-1C2E-4C1E-802F-696542F48280}.Performance|x86.ActiveCfg = Release|Any CPU
		{64AFD0A6-1C2E-4C1E-802F-696542F48280}.Performance|x86.Build.0 = Release|Any CPU
		{64AFD0A6-1C2E-4C1E-802F-696542F48280}.Release|Any CPU.ActiveCfg = Release|Any CPU
		{64AFD0A6-1C2E-4C1E-802F-696542F48280}.Release|Any CPU.Build.0 = Release|Any CPU
		{64AFD0A6-1C2E-4C1E-802F-696542F48280}.Release|x64.ActiveCfg = Release|Any CPU
		{64AFD0A6-1C2E-4C1E-802F-696542F48280}.Release|x64.Build.0 = Release|Any CPU
		{64AFD0A6-1C2E-4C1E-802F-696542F48280}.Release|x86.ActiveCfg = Release|Any CPU
		{64AFD0A6-1C2E-4C1E-802F-696542F48280}.Release|x86.Build.0 = Release|Any CPU
		{63626E57-06A2-4771-9BF4-DDBE0E9FA99D}.Debug|Any CPU.ActiveCfg = Debug|Any CPU
		{63626E57-06A2-4771-9BF4-DDBE0E9FA99D}.Debug|Any CPU.Build.0 = Debug|Any CPU
		{63626E57-06A2-4771-9BF4-DDBE0E9FA99D}.Debug|x64.ActiveCfg = Debug|Any CPU
		{63626E57-06A2-4771-9BF4-DDBE0E9FA99D}.Debug|x64.Build.0 = Debug|Any CPU
		{63626E57-06A2-4771-9BF4-DDBE0E9FA99D}.Debug|x86.ActiveCfg = Debug|Any CPU
		{63626E57-06A2-4771-9BF4-DDBE0E9FA99D}.Debug|x86.Build.0 = Debug|Any CPU
		{63626E57-06A2-4771-9BF4-DDBE0E9FA99D}.Info|Any CPU.ActiveCfg = Release|Any CPU
		{63626E57-06A2-4771-9BF4-DDBE0E9FA99D}.Info|Any CPU.Build.0 = Release|Any CPU
		{63626E57-06A2-4771-9BF4-DDBE0E9FA99D}.Info|x64.ActiveCfg = Release|Any CPU
		{63626E57-06A2-4771-9BF4-DDBE0E9FA99D}.Info|x64.Build.0 = Release|Any CPU
		{63626E57-06A2-4771-9BF4-DDBE0E9FA99D}.Info|x86.ActiveCfg = Release|Any CPU
		{63626E57-06A2-4771-9BF4-DDBE0E9FA99D}.Info|x86.Build.0 = Release|Any CPU
		{63626E57-06A2-4771-9BF4-DDBE0E9FA99D}.Performance|Any CPU.ActiveCfg = Release|Any CPU
		{63626E57-06A2-4771-9BF4-DDBE0E9FA99D}.Performance|Any CPU.Build.0 = Release|Any CPU
		{63626E57-06A2-4771-9BF4-DDBE0E9FA99D}.Performance|x64.ActiveCfg = Release|Any CPU
		{63626E57-06A2-4771-9BF4-DDBE0E9FA99D}.Performance|x64.Build.0 = Release|Any CPU
		{63626E57-06A2-4771-9BF4-DDBE0E9FA99D}.Performance|x86.ActiveCfg = Release|Any CPU
		{63626E57-06A2-4771-9BF4-DDBE0E9FA99D}.Performance|x86.Build.0 = Release|Any CPU
		{63626E57-06A2-4771-9BF4-DDBE0E9FA99D}.Release|Any CPU.ActiveCfg = Release|Any CPU
		{63626E57-06A2-4771-9BF4-DDBE0E9FA99D}.Release|Any CPU.Build.0 = Release|Any CPU
		{63626E57-06A2-4771-9BF4-DDBE0E9FA99D}.Release|x64.ActiveCfg = Release|Any CPU
		{63626E57-06A2-4771-9BF4-DDBE0E9FA99D}.Release|x64.Build.0 = Release|Any CPU
		{63626E57-06A2-4771-9BF4-DDBE0E9FA99D}.Release|x86.ActiveCfg = Release|Any CPU
		{63626E57-06A2-4771-9BF4-DDBE0E9FA99D}.Release|x86.Build.0 = Release|Any CPU
	EndGlobalSection
	GlobalSection(SolutionProperties) = preSolution
		HideSolutionNode = FALSE
	EndGlobalSection
	GlobalSection(NestedProjects) = preSolution
		{BE7C38F8-7A5B-4CBD-B57B-2CD54558062B} = {795D4E3D-D0E7-4421-9BD6-16947AD1787D}
		{7B509CAC-0FC2-4AAE-83E2-7F37C282A3A0} = {795D4E3D-D0E7-4421-9BD6-16947AD1787D}
		{509F01E0-517F-48C8-BC2B-FEFC78312DD4} = {795D4E3D-D0E7-4421-9BD6-16947AD1787D}
		{5F203662-6438-4CD9-BE4B-D111F1DFB925} = {795D4E3D-D0E7-4421-9BD6-16947AD1787D}
		{64AFD0A6-1C2E-4C1E-802F-696542F48280} = {9986891D-6F99-442E-A804-7204CDA54757}
		{062658FA-CA79-41C2-B4A5-AD9B2A88BEBA} = {795D4E3D-D0E7-4421-9BD6-16947AD1787D}
	EndGlobalSection
	GlobalSection(ExtensibilityGlobals) = postSolution
		SolutionGuid = {C640D848-FB1D-4CE2-83B5-EB044C3E1646}
	EndGlobalSection
EndGlobal
